
Microsoft Visual Studio Solution File, Format Version 12.00
# Visual Studio Version 17
VisualStudioVersion = 17.5.33627.172
MinimumVisualStudioVersion = 10.0.40219.1
Project("{FAE04EC0-301F-11D3-BF4B-00C04F79EFBC}") = "CambiosDeTemperatura", "CambiosDeTemperatura\CambiosDeTemperatura.csproj", "{5843FF6A-932E-4AD1-87DA-8095D8D8A4C6}"
EndProject
Project("{FAE04EC0-301F-11D3-BF4B-00C04F79EFBC}") = "WinFormsPractica", "WinFormsPractica\WinFormsPractica.csproj", "{610C4CD5-1FFD-4926-8189-B776A09AF7E4}"
EndProject
Global
	GlobalSection(SolutionConfigurationPlatforms) = preSolution
		Debug|Any CPU = Debug|Any CPU
		Release|Any CPU = Release|Any CPU
	EndGlobalSection
	GlobalSection(ProjectConfigurationPlatforms) = postSolution
		{5843FF6A-932E-4AD1-87DA-8095D8D8A4C6}.Debug|Any CPU.ActiveCfg = Debug|Any CPU
		{5843FF6A-932E-4AD1-87DA-8095D8D8A4C6}.Debug|Any CPU.Build.0 = Debug|Any CPU
		{5843FF6A-932E-4AD1-87DA-8095D8D8A4C6}.Release|Any CPU.ActiveCfg = Release|Any CPU
		{5843FF6A-932E-4AD1-87DA-8095D8D8A4C6}.Release|Any CPU.Build.0 = Release|Any CPU
		{610C4CD5-1FFD-4926-8189-B776A09AF7E4}.Debug|Any CPU.ActiveCfg = Debug|Any CPU
		{610C4CD5-1FFD-4926-8189-B776A09AF7E4}.Debug|Any CPU.Build.0 = Debug|Any CPU
		{610C4CD5-1FFD-4926-8189-B776A09AF7E4}.Release|Any CPU.ActiveCfg = Release|Any CPU
		{610C4CD5-1FFD-4926-8189-B776A09AF7E4}.Release|Any CPU.Build.0 = Release|Any CPU
	EndGlobalSection
	GlobalSection(SolutionProperties) = preSolution
		HideSolutionNode = FALSE
	EndGlobalSection
	GlobalSection(ExtensibilityGlobals) = postSolution
		SolutionGuid = {207F7EDF-5545-4AC4-93FB-D97B843F8CE1}
	EndGlobalSection
EndGlobal
